
Microsoft Visual Studio Solution File, Format Version 12.00
# Visual Studio Version 16
VisualStudioVersion = 16.0.29409.12
MinimumVisualStudioVersion = 10.0.40219.1
Project("{FAE04EC0-301F-11D3-BF4B-00C04F79EFBC}") = "AddonTestCadel", "AddonTestCadel\AddonTestCadel.csproj", "{3A2E6A7D-588E-4AA6-8E8C-27A9C9F29B9F}"
EndProject
Global
	GlobalSection(SolutionConfigurationPlatforms) = preSolution
		Debug|Any CPU = Debug|Any CPU
		Debug|x86 = Debug|x86
		Release|Any CPU = Release|Any CPU
		Release|x86 = Release|x86
	EndGlobalSection
	GlobalSection(ProjectConfigurationPlatforms) = postSolution
		{3A2E6A7D-588E-4AA6-8E8C-27A9C9F29B9F}.Debug|Any CPU.ActiveCfg = Debug|Any CPU
		{3A2E6A7D-588E-4AA6-8E8C-27A9C9F29B9F}.Debug|Any CPU.Build.0 = Debug|Any CPU
		{3A2E6A7D-588E-4AA6-8E8C-27A9C9F29B9F}.Debug|x86.ActiveCfg = Debug|x86
		{3A2E6A7D-588E-4AA6-8E8C-27A9C9F29B9F}.Debug|x86.Build.0 = Debug|x86
		{3A2E6A7D-588E-4AA6-8E8C-27A9C9F29B9F}.Release|Any CPU.ActiveCfg = Release|Any CPU
		{3A2E6A7D-588E-4AA6-8E8C-27A9C9F29B9F}.Release|Any CPU.Build.0 = Release|Any CPU
		{3A2E6A7D-588E-4AA6-8E8C-27A9C9F29B9F}.Release|x86.ActiveCfg = Release|x86
		{3A2E6A7D-588E-4AA6-8E8C-27A9C9F29B9F}.Release|x86.Build.0 = Release|x86
	EndGlobalSection
	GlobalSection(SolutionProperties) = preSolution
		HideSolutionNode = FALSE
	EndGlobalSection
	GlobalSection(ExtensibilityGlobals) = postSolution
		SolutionGuid = {9270C1A7-594F-4873-8821-2C8F1319DB2F}
	EndGlobalSection
EndGlobal
